dependencies:
  espressif/cjson:
    component_hash: e788323270d90738662d66fffa910bfe1fba019bba087f01557e70c40485b469
    dependencies:
    - name: idf
      require: private
      version: '>=5.0'
    source:
      registry_url: https://components.espressif.com/
      type: service
    version: 1.7.19~2
  espressif/mdns:
    component_hash: e81ca7a7f53ea34e78274df054da692c272e1315572876b237b1748e267c013b
    dependencies:
    - name: idf
      require: private
      version: '>=5.0'
    source:
      registry_url: https://components.espressif.com/
      type: service
    version: 1.11.3
  idf:
    source:
      type: idf
    version: 5.5.4
direct_dependencies:
- espressif/cjson
- espressif/mdns
manifest_hash: 95c045c078ac4ac8974e7241bb3ec63fffdbfa02152e7e968046c8d9eafc89ca
target: esp32s3
version: 2.0.0
